
Microsoft Visual Studio Solution File, Format Version 12.00
# Visual Studio 2012
Project("{FAE04EC0-301F-11D3-BF4B-00C04F79EFBC}") = "SegundoParcial", "SegundoParcial\SegundoParcial.csproj", "{F6EB5706-8122-4B0D-AF1F-86803EF5E98A}"
EndProject
Project("{FAE04EC0-301F-11D3-BF4B-00C04F79EFBC}") = "Program", "ConsoleApplication1\Program.csproj", "{D1FCECB5-F76A-45D9-A402-466486888B08}"
EndProject
Global
	GlobalSection(SolutionConfigurationPlatforms) = preSolution
		Debug|Any CPU = Debug|Any CPU
		Release|Any CPU = Release|Any CPU
	EndGlobalSection
	GlobalSection(ProjectConfigurationPlatforms) = postSolution
		{F6EB5706-8122-4B0D-AF1F-86803EF5E98A}.Debug|Any CPU.ActiveCfg = Debug|Any CPU
		{F6EB5706-8122-4B0D-AF1F-86803EF5E98A}.Debug|Any CPU.Build.0 = Debug|Any CPU
		{F6EB5706-8122-4B0D-AF1F-86803EF5E98A}.Release|Any CPU.ActiveCfg = Release|Any CPU
		{F6EB5706-8122-4B0D-AF1F-86803EF5E98A}.Release|Any CPU.Build.0 = Release|Any CPU
		{D1FCECB5-F76A-45D9-A402-466486888B08}.Debug|Any CPU.ActiveCfg = Debug|Any CPU
		{D1FCECB5-F76A-45D9-A402-466486888B08}.Debug|Any CPU.Build.0 = Debug|Any CPU
		{D1FCECB5-F76A-45D9-A402-466486888B08}.Release|Any CPU.ActiveCfg = Release|Any CPU
		{D1FCECB5-F76A-45D9-A402-466486888B08}.Release|Any CPU.Build.0 = Release|Any CPU
	EndGlobalSection
	GlobalSection(SolutionProperties) = preSolution
		HideSolutionNode = FALSE
	EndGlobalSection
EndGlobal
